// !$*UTF8*$!
{
	archiveVersion = 1;
	classes = {
	};
	objectVersion = 56;
	objects = {

/* Begin PBXBuildFile section */
		B628433829D2AAB70092F9F7 /* Assets.xcassets in Resources */ = {isa = PBXBuildFile; fileRef = B628433729D2AAB70092F9F7 /* Assets.xcassets */; };
		B628433B29D2AAB70092F9F7 /* LaunchScreen.storyboard in Resources */ = {isa = PBXBuildFile; fileRef = B628433929D2AAB70092F9F7 /* LaunchScreen.storyboard */; };
		B628434C29D2AE070092F9F7 /* AppDelegate.swift in Sources */ = {isa = PBXBuildFile; fileRef = B628432E29D2AAB60092F9F7 /* AppDelegate.swift */; };
		B628434D29D2AE070092F9F7 /* TestAppViewConroller.swift in Sources */ = {isa = PBXBuildFile; fileRef = B628434429D2ACFD0092F9F7 /* TestAppViewConroller.swift */; };
		B628435029D2AE070092F9F7 /* LaunchScreen.storyboard in Resources */ = {isa = PBXBuildFile; fileRef = B628433929D2AAB70092F9F7 /* LaunchScreen.storyboard */; };
		B628435129D2AE070092F9F7 /* Assets.xcassets in Resources */ = {isa = PBXBuildFile; fileRef = B628433729D2AAB70092F9F7 /* Assets.xcassets */; };
		B628435A29D2AEDD0092F9F7 /* TestAppViewConroller.swift in Sources */ = {isa = PBXBuildFile; fileRef = B628434829D2ADF30092F9F7 /* TestAppViewConroller.swift */; };
		B628435B29D2AEE10092F9F7 /* AppDelegate.swift in Sources */ = {isa = PBXBuildFile; fileRef = B628434929D2ADF30092F9F7 /* AppDelegate.swift */; };
		B628435E29D2B51A0092F9F7 /* CDPlayer in Frameworks */ = {isa = PBXBuildFile; productRef = B628435D29D2B51A0092F9F7 /* CDPlayer */; };
/* End PBXBuildFile section */

/* Begin PBXFileReference section */
		B628432B29D2AAB60092F9F7 /* CDPlayer.app */ = {isa = PBXFileReference; explicitFileType = wrapper.application; includeInIndex = 0; path = CDPlayer.app; sourceTree = BUILT_PRODUCTS_DIR; };
		B628432E29D2AAB60092F9F7 /* AppDelegate.swift */ = {isa = PBXFileReference; lastKnownFileType = sourcecode.swift; path = AppDelegate.swift; sourceTree = "<group>"; };
		B628433729D2AAB70092F9F7 /* Assets.xcassets */ = {isa = PBXFileReference; lastKnownFileType = folder.assetcatalog; path = Assets.xcassets; sourceTree = "<group>"; };
		B628433A29D2AAB70092F9F7 /* Base */ = {isa = PBXFileReference; lastKnownFileType = file.storyboard; name = Base; path = Base.lproj/LaunchScreen.storyboard; sourceTree = "<group>"; };
		B628434429D2ACFD0092F9F7 /* TestAppViewConroller.swift */ = {isa = PBXFileReference; lastKnownFileType = sourcecode.swift; path = TestAppViewConroller.swift; sourceTree = "<group>"; };
		B628434829D2ADF30092F9F7 /* TestAppViewConroller.swift */ = {isa = PBXFileReference; lastKnownFileType = sourcecode.swift; path = TestAppViewConroller.swift; sourceTree = "<group>"; };
		B628434929D2ADF30092F9F7 /* AppDelegate.swift */ = {isa = PBXFileReference; lastKnownFileType = sourcecode.swift; path = AppDelegate.swift; sourceTree = "<group>"; };
		B628435529D2AE070092F9F7 /* CDDocument.app */ = {isa = PBXFileReference; explicitFileType = wrapper.application; includeInIndex = 0; path = CDDocument.app; sourceTree = BUILT_PRODUCTS_DIR; };
/* End PBXFileReference section */

/* Begin PBXFrameworksBuildPhase section */
		B628432829D2AAB60092F9F7 /* Frameworks */ = {
			isa = PBXFrameworksBuildPhase;
			buildActionMask = 2147483647;
			files = (
				B628435E29D2B51A0092F9F7 /* CDPlayer in Frameworks */,
			);
			runOnlyForDeploymentPostprocessing = 0;
		};
		B628434E29D2AE070092F9F7 /* Frameworks */ = {
			isa = PBXFrameworksBuildPhase;
			buildActionMask = 2147483647;
			files = (
			);
			runOnlyForDeploymentPostprocessing = 0;
		};
/* End PBXFrameworksBuildPhase section */

/* Begin PBXGroup section */
		B628432229D2AAB60092F9F7 = {
			isa = PBXGroup;
			children = (
				B628432D29D2AAB60092F9F7 /* CDTestApp */,
				B628432C29D2AAB60092F9F7 /* Products */,
			);
			sourceTree = "<group>";
		};
		B628432C29D2AAB60092F9F7 /* Products */ = {
			isa = PBXGroup;
			children = (
				B628432B29D2AAB60092F9F7 /* CDPlayer.app */,
				B628435529D2AE070092F9F7 /* CDDocument.app */,
			);
			name = Products;
			sourceTree = "<group>";
		};
		B628432D29D2AAB60092F9F7 /* CDTestApp */ = {
			isa = PBXGroup;
			children = (
				B628434229D2AAC10092F9F7 /* Targets */,
				B628434329D2AB480092F9F7 /* Res */,
			);
			path = CDTestApp;
			sourceTree = "<group>";
		};
		B628434229D2AAC10092F9F7 /* Targets */ = {
			isa = PBXGroup;
			children = (
				B628434729D2ADD50092F9F7 /* CDDocument */,
				B628434629D2AD200092F9F7 /* CDPlayer */,
			);
			path = Targets;
			sourceTree = "<group>";
		};
		B628434329D2AB480092F9F7 /* Res */ = {
			isa = PBXGroup;
			children = (
				B628433729D2AAB70092F9F7 /* Assets.xcassets */,
				B628433929D2AAB70092F9F7 /* LaunchScreen.storyboard */,
			);
			path = Res;
			sourceTree = "<group>";
		};
		B628434629D2AD200092F9F7 /* CDPlayer */ = {
			isa = PBXGroup;
			children = (
				B628434929D2ADF30092F9F7 /* AppDelegate.swift */,
				B628434829D2ADF30092F9F7 /* TestAppViewConroller.swift */,
			);
			path = CDPlayer;
			sourceTree = "<group>";
		};
		B628434729D2ADD50092F9F7 /* CDDocument */ = {
			isa = PBXGroup;
			children = (
				B628432E29D2AAB60092F9F7 /* AppDelegate.swift */,
				B628434429D2ACFD0092F9F7 /* TestAppViewConroller.swift */,
			);
			path = CDDocument;
			sourceTree = "<group>";
		};
/* End PBXGroup section */

/* Begin PBXNativeTarget section */
		B628432A29D2AAB60092F9F7 /* CDPlayer */ = {
			isa = PBXNativeTarget;
			buildConfigurationList = B628433F29D2AAB70092F9F7 /* Build configuration list for PBXNativeTarget "CDPlayer" */;
			buildPhases = (
				B628432729D2AAB60092F9F7 /* Sources */,
				B628432829D2AAB60092F9F7 /* Frameworks */,
				B628432929D2AAB60092F9F7 /* Resources */,
			);
			buildRules = (
			);
			dependencies = (
			);
			name = CDPlayer;
			packageProductDependencies = (
				B628435D29D2B51A0092F9F7 /* CDPlayer */,
			);
			productName = CDTestApp;
			productReference = B628432B29D2AAB60092F9F7 /* CDPlayer.app */;
			productType = "com.apple.product-type.application";
		};
		B628434A29D2AE070092F9F7 /* CDDocument */ = {
			isa = PBXNativeTarget;
			buildConfigurationList = B628435229D2AE070092F9F7 /* Build configuration list for PBXNativeTarget "CDDocument" */;
			buildPhases = (
				B628434B29D2AE070092F9F7 /* Sources */,
				B628434E29D2AE070092F9F7 /* Frameworks */,
				B628434F29D2AE070092F9F7 /* Resources */,
			);
			buildRules = (
			);
			dependencies = (
			);
			name = CDDocument;
			productName = CDTestApp;
			productReference = B628435529D2AE070092F9F7 /* CDDocument.app */;
			productType = "com.apple.product-type.application";
		};
/* End PBXNativeTarget section */

/* Begin PBXProject section */
		B628432329D2AAB60092F9F7 /* Project object */ = {
			isa = PBXProject;
			attributes = {
				BuildIndependentTargetsInParallel = 1;
				LastSwiftUpdateCheck = 1420;
				LastUpgradeCheck = 1420;
				TargetAttributes = {
					B628432A29D2AAB60092F9F7 = {
						CreatedOnToolsVersion = 14.2;
					};
				};
			};
			buildConfigurationList = B628432629D2AAB60092F9F7 /* Build configuration list for PBXProject "CDTestApp" */;
			compatibilityVersion = "Xcode 14.0";
			developmentRegion = en;
			hasScannedForEncodings = 0;
			knownRegions = (
				en,
				Base,
			);
			mainGroup = B628432229D2AAB60092F9F7;
			packageReferences = (
				B628435C29D2B51A0092F9F7 /* XCRemoteSwiftPackageReference "CDPlayer" */,
			);
			productRefGroup = B628432C29D2AAB60092F9F7 /* Products */;
			projectDirPath = "";
			projectRoot = "";
			targets = (
				B628432A29D2AAB60092F9F7 /* CDPlayer */,
				B628434A29D2AE070092F9F7 /* CDDocument */,
			);
		};
/* End PBXProject section */

/* Begin PBXResourcesBuildPhase section */
		B628432929D2AAB60092F9F7 /* Resources */ = {
			isa = PBXResourcesBuildPhase;
			buildActionMask = 2147483647;
			files = (
				B628433B29D2AAB70092F9F7 /* LaunchScreen.storyboard in Resources */,
				B628433829D2AAB70092F9F7 /* Assets.xcassets in Resources */,
			);
			runOnlyForDeploymentPostprocessing = 0;
		};
		B628434F29D2AE070092F9F7 /* Resources */ = {
			isa = PBXResourcesBuildPhase;
			buildActionMask = 2147483647;
			files = (
				B628435029D2AE070092F9F7 /* LaunchScreen.storyboard in Resources */,
				B628435129D2AE070092F9F7 /* Assets.xcassets in Resources */,
			);
			runOnlyForDeploymentPostprocessing = 0;
		};
/* End PBXResourcesBuildPhase section */

/* Begin PBXSourcesBuildPhase section */
		B628432729D2AAB60092F9F7 /* Sources */ = {
			isa = PBXSourcesBuildPhase;
			buildActionMask = 2147483647;
			files = (
				B628435B29D2AEE10092F9F7 /* AppDelegate.swift in Sources */,
				B628435A29D2AEDD0092F9F7 /* TestAppViewConroller.swift in Sources */,
			);
			runOnlyForDeploymentPostprocessing = 0;
		};
		B628434B29D2AE070092F9F7 /* Sources */ = {
			isa = PBXSourcesBuildPhase;
			buildActionMask = 2147483647;
			files = (
				B628434C29D2AE070092F9F7 /* AppDelegate.swift in Sources */,
				B628434D29D2AE070092F9F7 /* TestAppViewConroller.swift in Sources */,
			);
			runOnlyForDeploymentPostprocessing = 0;
		};
/* End PBXSourcesBuildPhase section */

/* Begin PBXVariantGroup section */
		B628433929D2AAB70092F9F7 /* LaunchScreen.storyboard */ = {
			isa = PBXVariantGroup;
			children = (
				B628433A29D2AAB70092F9F7 /* Base */,
			);
			name = LaunchScreen.storyboard;
			sourceTree = "<group>";
		};
/* End PBXVariantGroup section */

/* Begin XCBuildConfiguration section */
		B628433D29D2AAB70092F9F7 /* Debug */ = {
			isa = XCBuildConfiguration;
			buildSettings = {
				ALWAYS_SEARCH_USER_PATHS = NO;
				CLANG_ANALYZER_NONNULL = YES;
				CLANG_ANALYZER_NUMBER_OBJECT_CONVERSION = YES_AGGRESSIVE;
				CLANG_CXX_LANGUAGE_STANDARD = "gnu++20";
				CLANG_ENABLE_MODULES = YES;
				CLANG_ENABLE_OBJC_ARC = YES;
				CLANG_ENABLE_OBJC_WEAK = YES;
				CLANG_WARN_BLOCK_CAPTURE_AUTORELEASING = YES;
				CLANG_WARN_BOOL_CONVERSION = YES;
				CLANG_WARN_COMMA = YES;
				CLANG_WARN_CONSTANT_CONVERSION = YES;
				CLANG_WARN_DEPRECATED_OBJC_IMPLEMENTATIONS = YES;
				CLANG_WARN_DIRECT_OBJC_ISA_USAGE = YES_ERROR;
				CLANG_WARN_DOCUMENTATION_COMMENTS = YES;
				CLANG_WARN_EMPTY_BODY = YES;
				CLANG_WARN_ENUM_CONVERSION = YES;
				CLANG_WARN_INFINITE_RECURSION = YES;
				CLANG_WARN_INT_CONVERSION = YES;
				CLANG_WARN_NON_LITERAL_NULL_CONVERSION = YES;
				CLANG_WARN_OBJC_IMPLICIT_RETAIN_SELF = YES;
				CLANG_WARN_OBJC_LITERAL_CONVERSION = YES;
				CLANG_WARN_OBJC_ROOT_CLASS = YES_ERROR;
				CLANG_WARN_QUOTED_INCLUDE_IN_FRAMEWORK_HEADER = YES;
				CLANG_WARN_RANGE_LOOP_ANALYSIS = YES;
				CLANG_WARN_STRICT_PROTOTYPES = YES;
				CLANG_WARN_SUSPICIOUS_MOVE = YES;
				CLANG_WARN_UNGUARDED_AVAILABILITY = YES_AGGRESSIVE;
				CLANG_WARN_UNREACHABLE_CODE = YES;
				CLANG_WARN__DUPLICATE_METHOD_MATCH = YES;
				COPY_PHASE_STRIP = NO;
				DEBUG_INFORMATION_FORMAT = dwarf;
				ENABLE_STRICT_OBJC_MSGSEND = YES;
				ENABLE_TESTABILITY = YES;
				GCC_C_LANGUAGE_STANDARD = gnu11;
				GCC_DYNAMIC_NO_PIC = NO;
				GCC_NO_COMMON_BLOCKS = YES;
				GCC_OPTIMIZATION_LEVEL = 0;
				GCC_PREPROCESSOR_DEFINITIONS = (
					"DEBUG=1",
					"$(inherited)",
				);
				GCC_WARN_64_TO_32_BIT_CONVERSION = YES;
				GCC_WARN_ABOUT_RETURN_TYPE = YES_ERROR;
				GCC_WARN_UNDECLARED_SELECTOR = YES;
				GCC_WARN_UNINITIALIZED_AUTOS = YES_AGGRESSIVE;
				GCC_WARN_UNUSED_FUNCTION = YES;
				GCC_WARN_UNUSED_VARIABLE = YES;
				IPHONEOS_DEPLOYMENT_TARGET = 16.2;
				MTL_ENABLE_DEBUG_INFO = INCLUDE_SOURCE;
				MTL_FAST_MATH = YES;
				ONLY_ACTIVE_ARCH = YES;
				SDKROOT = iphoneos;
				SWIFT_ACTIVE_COMPILATION_CONDITIONS = DEBUG;
				SWIFT_OPTIMIZATION_LEVEL = "-Onone";
			};
			name = Debug;
		};
		B628433E29D2AAB70092F9F7 /* Release */ = {
			isa = XCBuildConfiguration;
			buildSettings = {
				ALWAYS_SEARCH_USER_PATHS = NO;
				CLANG_ANALYZER_NONNULL = YES;
				CLANG_ANALYZER_NUMBER_OBJECT_CONVERSION = YES_AGGRESSIVE;
				CLANG_CXX_LANGUAGE_STANDARD = "gnu++20";
				CLANG_ENABLE_MODULES = YES;
				CLANG_ENABLE_OBJC_ARC = YES;
				CLANG_ENABLE_OBJC_WEAK = YES;
				CLANG_WARN_BLOCK_CAPTURE_AUTORELEASING = YES;
				CLANG_WARN_BOOL_CONVERSION = YES;
				CLANG_WARN_COMMA = YES;
				CLANG_WARN_CONSTANT_CONVERSION = YES;
				CLANG_WARN_DEPRECATED_OBJC_IMPLEMENTATIONS = YES;
				CLANG_WARN_DIRECT_OBJC_ISA_USAGE = YES_ERROR;
				CLANG_WARN_DOCUMENTATION_COMMENTS = YES;
				CLANG_WARN_EMPTY_BODY = YES;
				CLANG_WARN_ENUM_CONVERSION = YES;
				CLANG_WARN_INFINITE_RECURSION = YES;
				CLANG_WARN_INT_CONVERSION = YES;
				CLANG_WARN_NON_LITERAL_NULL_CONVERSION = YES;
				CLANG_WARN_OBJC_IMPLICIT_RETAIN_SELF = YES;
				CLANG_WARN_OBJC_LITERAL_CONVERSION = YES;
				CLANG_WARN_OBJC_ROOT_CLASS = YES_ERROR;
				CLANG_WARN_QUOTED_INCLUDE_IN_FRAMEWORK_HEADER = YES;
				CLANG_WARN_RANGE_LOOP_ANALYSIS = YES;
				CLANG_WARN_STRICT_PROTOTYPES = YES;
				CLANG_WARN_SUSPICIOUS_MOVE = YES;
				CLANG_WARN_UNGUARDED_AVAILABILITY = YES_AGGRESSIVE;
				CLANG_WARN_UNREACHABLE_CODE = YES;
				CLANG_WARN__DUPLICATE_METHOD_MATCH = YES;
				COPY_PHASE_STRIP = NO;
				DEBUG_INFORMATION_FORMAT = "dwarf-with-dsym";
				ENABLE_NS_ASSERTIONS = NO;
				ENABLE_STRICT_OBJC_MSGSEND = YES;
				GCC_C_LANGUAGE_STANDARD = gnu11;
				GCC_NO_COMMON_BLOCKS = YES;
				GCC_WARN_64_TO_32_BIT_CONVERSION = YES;
				GCC_WARN_ABOUT_RETURN_TYPE = YES_ERROR;
				GCC_WARN_UNDECLARED_SELECTOR = YES;
				GCC_WARN_UNINITIALIZED_AUTOS = YES_AGGRESSIVE;
				GCC_WARN_UNUSED_FUNCTION = YES;
				GCC_WARN_UNUSED_VARIABLE = YES;
				IPHONEOS_DEPLOYMENT_TARGET = 16.2;
				MTL_ENABLE_DEBUG_INFO = NO;
				MTL_FAST_MATH = YES;
				SDKROOT = iphoneos;
				SWIFT_COMPILATION_MODE = wholemodule;
				SWIFT_OPTIMIZATION_LEVEL = "-O";
				VALIDATE_PRODUCT = YES;
			};
			name = Release;
		};
		B628434029D2AAB70092F9F7 /* Debug */ = {
			isa = XCBuildConfiguration;
			buildSettings = {
				ASSETCATALOG_COMPILER_APPICON_NAME = AppIcon;
				ASSETCATALOG_COMPILER_GLOBAL_ACCENT_COLOR_NAME = AccentColor;
				CODE_SIGN_STYLE = Automatic;
				CURRENT_PROJECT_VERSION = 1;
				DEVELOPMENT_TEAM = SL6Z6PSCF7;
				GENERATE_INFOPLIST_FILE = YES;
				INFOPLIST_KEY_UILaunchStoryboardName = LaunchScreen;
				INFOPLIST_KEY_UIRequiresFullScreen = YES;
				INFOPLIST_KEY_UISupportedInterfaceOrientations_iPad = "UIInterfaceOrientationPortrait UIInterfaceOrientationPortraitUpsideDown UIInterfaceOrientationLandscapeLeft UIInterfaceOrientationLandscapeRight";
				INFOPLIST_KEY_UISupportedInterfaceOrientations_iPhone = "UIInterfaceOrientationPortrait UIInterfaceOrientationLandscapeLeft UIInterfaceOrientationLandscapeRight";
				IPHONEOS_DEPLOYMENT_TARGET = 11.0;
				LD_RUNPATH_SEARCH_PATHS = (
					"$(inherited)",
					"@executable_path/Frameworks",
				);
				MARKETING_VERSION = 1.0;
				PRODUCT_BUNDLE_IDENTIFIER = chando.CDTestApp;
				PRODUCT_NAME = "$(TARGET_NAME)";
				SWIFT_EMIT_LOC_STRINGS = YES;
				SWIFT_VERSION = 5.0;
				TARGETED_DEVICE_FAMILY = "1,2";
			};
			name = Debug;
		};
		B628434129D2AAB70092F9F7 /* Release */ = {
			isa = XCBuildConfiguration;
			buildSettings = {
				ASSETCATALOG_COMPILER_APPICON_NAME = AppIcon;
				ASSETCATALOG_COMPILER_GLOBAL_ACCENT_COLOR_NAME = AccentColor;
				CODE_SIGN_STYLE = Automatic;
				CURRENT_PROJECT_VERSION = 1;
				DEVELOPMENT_TEAM = SL6Z6PSCF7;
				GENERATE_INFOPLIST_FILE = YES;
				INFOPLIST_KEY_UILaunchStoryboardName = LaunchScreen;
				INFOPLIST_KEY_UIRequiresFullScreen = YES;
				INFOPLIST_KEY_UISupportedInterfaceOrientations_iPad = "UIInterfaceOrientationPortrait UIInterfaceOrientationPortraitUpsideDown UIInterfaceOrientationLandscapeLeft UIInterfaceOrientationLandscapeRight";
				INFOPLIST_KEY_UISupportedInterfaceOrientations_iPhone = "UIInterfaceOrientationPortrait UIInterfaceOrientationLandscapeLeft UIInterfaceOrientationLandscapeRight";
				IPHONEOS_DEPLOYMENT_TARGET = 11.0;
				LD_RUNPATH_SEARCH_PATHS = (
					"$(inherited)",
					"@executable_path/Frameworks",
				);
				MARKETING_VERSION = 1.0;
				PRODUCT_BUNDLE_IDENTIFIER = chando.CDTestApp;
				PRODUCT_NAME = "$(TARGET_NAME)";
				SWIFT_EMIT_LOC_STRINGS = YES;
				SWIFT_VERSION = 5.0;
				TARGETED_DEVICE_FAMILY = "1,2";
			};
			name = Release;
		};
		B628435329D2AE070092F9F7 /* Debug */ = {
			isa = XCBuildConfiguration;
			buildSettings = {
				ASSETCATALOG_COMPILER_APPICON_NAME = AppIcon;
				ASSETCATALOG_COMPILER_GLOBAL_ACCENT_COLOR_NAME = AccentColor;
				CODE_SIGN_STYLE = Automatic;
				CURRENT_PROJECT_VERSION = 1;
				DEVELOPMENT_TEAM = SL6Z6PSCF7;
				GENERATE_INFOPLIST_FILE = YES;
				INFOPLIST_KEY_UILaunchStoryboardName = LaunchScreen;
				INFOPLIST_KEY_UIRequiresFullScreen = YES;
				INFOPLIST_KEY_UISupportedInterfaceOrientations_iPad = "UIInterfaceOrientationPortrait UIInterfaceOrientationPortraitUpsideDown UIInterfaceOrientationLandscapeLeft UIInterfaceOrientationLandscapeRight";
				INFOPLIST_KEY_UISupportedInterfaceOrientations_iPhone = "UIInterfaceOrientationPortrait UIInterfaceOrientationLandscapeLeft UIInterfaceOrientationLandscapeRight";
				IPHONEOS_DEPLOYMENT_TARGET = 11.0;
				LD_RUNPATH_SEARCH_PATHS = (
					"$(inherited)",
					"@executable_path/Frameworks",
				);
				MARKETING_VERSION = 1.0;
				PRODUCT_BUNDLE_IDENTIFIER = chando.CDTestApp;
				PRODUCT_NAME = "$(TARGET_NAME)";
				SWIFT_EMIT_LOC_STRINGS = YES;
				SWIFT_VERSION = 5.0;
				TARGETED_DEVICE_FAMILY = "1,2";
			};
			name = Debug;
		};
		B628435429D2AE070092F9F7 /* Release */ = {
			isa = XCBuildConfiguration;
			buildSettings = {
				ASSETCATALOG_COMPILER_APPICON_NAME = AppIcon;
				ASSETCATALOG_COMPILER_GLOBAL_ACCENT_COLOR_NAME = AccentColor;
				CODE_SIGN_STYLE = Automatic;
				CURRENT_PROJECT_VERSION = 1;
				DEVELOPMENT_TEAM = SL6Z6PSCF7;
				GENERATE_INFOPLIST_FILE = YES;
				INFOPLIST_KEY_UILaunchStoryboardName = LaunchScreen;
				INFOPLIST_KEY_UIRequiresFullScreen = YES;
				INFOPLIST_KEY_UISupportedInterfaceOrientations_iPad = "UIInterfaceOrientationPortrait UIInterfaceOrientationPortraitUpsideDown UIInterfaceOrientationLandscapeLeft UIInterfaceOrientationLandscapeRight";
				INFOPLIST_KEY_UISupportedInterfaceOrientations_iPhone = "UIInterfaceOrientationPortrait UIInterfaceOrientationLandscapeLeft UIInterfaceOrientationLandscapeRight";
				IPHONEOS_DEPLOYMENT_TARGET = 11.0;
				LD_RUNPATH_SEARCH_PATHS = (
					"$(inherited)",
					"@executable_path/Frameworks",
				);
				MARKETING_VERSION = 1.0;
				PRODUCT_BUNDLE_IDENTIFIER = chando.CDTestApp;
				PRODUCT_NAME = "$(TARGET_NAME)";
				SWIFT_EMIT_LOC_STRINGS = YES;
				SWIFT_VERSION = 5.0;
				TARGETED_DEVICE_FAMILY = "1,2";
			};
			name = Release;
		};
/* End XCBuildConfiguration section */

/* Begin XCConfigurationList section */
		B628432629D2AAB60092F9F7 /* Build configuration list for PBXProject "CDTestApp" */ = {
			isa = XCConfigurationList;
			buildConfigurations = (
				B628433D29D2AAB70092F9F7 /* Debug */,
				B628433E29D2AAB70092F9F7 /* Release */,
			);
			defaultConfigurationIsVisible = 0;
			defaultConfigurationName = Release;
		};
		B628433F29D2AAB70092F9F7 /* Build configuration list for PBXNativeTarget "CDPlayer" */ = {
			isa = XCConfigurationList;
			buildConfigurations = (
				B628434029D2AAB70092F9F7 /* Debug */,
				B628434129D2AAB70092F9F7 /* Release */,
			);
			defaultConfigurationIsVisible = 0;
			defaultConfigurationName = Release;
		};
		B628435229D2AE070092F9F7 /* Build configuration list for PBXNativeTarget "CDDocument" */ = {
			isa = XCConfigurationList;
			buildConfigurations = (
				B628435329D2AE070092F9F7 /* Debug */,
				B628435429D2AE070092F9F7 /* Release */,
			);
			defaultConfigurationIsVisible = 0;
			defaultConfigurationName = Release;
		};
/* End XCConfigurationList section */

/* Begin XCRemoteSwiftPackageReference section */
		B628435C29D2B51A0092F9F7 /* XCRemoteSwiftPackageReference "CDPlayer" */ = {
			isa = XCRemoteSwiftPackageReference;
			repositoryURL = "https://github.com/chando-park/CDPlayer.git";
			requirement = {
				branch = main;
				kind = branch;
			};
		};
/* End XCRemoteSwiftPackageReference section */

/* Begin XCSwiftPackageProductDependency section */
		B628435D29D2B51A0092F9F7 /* CDPlayer */ = {
			isa = XCSwiftPackageProductDependency;
			package = B628435C29D2B51A0092F9F7 /* XCRemoteSwiftPackageReference "CDPlayer" */;
			productName = CDPlayer;
		};
/* End XCSwiftPackageProductDependency section */
	};
	rootObject = B628432329D2AAB60092F9F7 /* Project object */;
}
